
Microsoft Visual Studio Solution File, Format Version 12.00
# Visual Studio Version 17
VisualStudioVersion = 17.11.35327.3
MinimumVisualStudioVersion = 10.0.40219.1
Project("{FAE04EC0-301F-11D3-BF4B-00C04F79EFBC}") = "матрицы", "матрицы.csproj", "{5D06161D-0B3B-4F0A-B429-471850D21A3A}"
EndProject
Global
	GlobalSection(SolutionConfigurationPlatforms) = preSolution
		Debug|Any CPU = Debug|Any CPU
		Release|Any CPU = Release|Any CPU
	EndGlobalSection
	GlobalSection(ProjectConfigurationPlatforms) = postSolution
		{5D06161D-0B3B-4F0A-B429-471850D21A3A}.Debug|Any CPU.ActiveCfg = Debug|Any CPU
		{5D06161D-0B3B-4F0A-B429-471850D21A3A}.Debug|Any CPU.Build.0 = Debug|Any CPU
		{5D06161D-0B3B-4F0A-B429-471850D21A3A}.Release|Any CPU.ActiveCfg = Release|Any CPU
		{5D06161D-0B3B-4F0A-B429-471850D21A3A}.Release|Any CPU.Build.0 = Release|Any CPU
	EndGlobalSection
	GlobalSection(SolutionProperties) = preSolution
		HideSolutionNode = FALSE
	EndGlobalSection
	GlobalSection(ExtensibilityGlobals) = postSolution
		SolutionGuid = {E6A3C1AB-DEDF-4B32-A7D5-89B9D93EA193}
	EndGlobalSection
EndGlobal
